// !$*UTF8*$!
{
	archiveVersion = 1;
	classes = {
	};
	objectVersion = 46;
	objects = {

/* Begin PBXBuildFile section */
		785AE8291BDFC1CD00343572 /* main.m in Sources */ = {isa = PBXBuildFile; fileRef = 785AE8281BDFC1CD00343572 /* main.m */; };
		785AE82C1BDFC1CD00343572 /* AppDelegate.m in Sources */ = {isa = PBXBuildFile; fileRef = 785AE82B1BDFC1CD00343572 /* AppDelegate.m */; };
		785AE8321BDFC1CD00343572 /* Main.storyboard in Resources */ = {isa = PBXBuildFile; fileRef = 785AE8301BDFC1CD00343572 /* Main.storyboard */; };
		785AE8341BDFC1CD00343572 /* Assets.xcassets in Resources */ = {isa = PBXBuildFile; fileRef = 785AE8331BDFC1CD00343572 /* Assets.xcassets */; };
		785AE8371BDFC1CD00343572 /* LaunchScreen.storyboard in Resources */ = {isa = PBXBuildFile; fileRef = 785AE8351BDFC1CD00343572 /* LaunchScreen.storyboard */; };
		785AE85A1BDFC21C00343572 /* ButtonGroupView.m in Sources */ = {isa = PBXBuildFile; fileRef = 785AE8401BDFC21C00343572 /* ButtonGroupView.m */; settings = {ASSET_TAGS = (); }; };
		785AE85B1BDFC21C00343572 /* CityButton.m in Sources */ = {isa = PBXBuildFile; fileRef = 785AE8421BDFC21C00343572 /* CityButton.m */; settings = {ASSET_TAGS = (); }; };
		785AE85C1BDFC21C00343572 /* citydict.plist in Resources */ = {isa = PBXBuildFile; fileRef = 785AE8431BDFC21C00343572 /* citydict.plist */; settings = {ASSET_TAGS = (); }; };
		785AE85D1BDFC21C00343572 /* CityItem.m in Sources */ = {isa = PBXBuildFile; fileRef = 785AE8451BDFC21C00343572 /* CityItem.m */; settings = {ASSET_TAGS = (); }; };
		785AE85E1BDFC21C00343572 /* CityListViewController.m in Sources */ = {isa = PBXBuildFile; fileRef = 785AE8471BDFC21C00343572 /* CityListViewController.m */; settings = {ASSET_TAGS = (); }; };
		785AE85F1BDFC21C00343572 /* ChineseInclude.m in Sources */ = {isa = PBXBuildFile; fileRef = 785AE84A1BDFC21C00343572 /* ChineseInclude.m */; settings = {ASSET_TAGS = (); }; };
		785AE8601BDFC21C00343572 /* ChineseToPinyinResource.m in Sources */ = {isa = PBXBuildFile; fileRef = 785AE84C1BDFC21C00343572 /* ChineseToPinyinResource.m */; settings = {ASSET_TAGS = (); }; };
		785AE8611BDFC21C00343572 /* HanyuPinyinOutputFormat.m in Sources */ = {isa = PBXBuildFile; fileRef = 785AE84E1BDFC21C00343572 /* HanyuPinyinOutputFormat.m */; settings = {ASSET_TAGS = (); }; };
		785AE8621BDFC21C00343572 /* NSString+PinYin4Cocoa.m in Sources */ = {isa = PBXBuildFile; fileRef = 785AE8501BDFC21C00343572 /* NSString+PinYin4Cocoa.m */; settings = {ASSET_TAGS = (); }; };
		785AE8631BDFC21C00343572 /* PinyinFormatter.m in Sources */ = {isa = PBXBuildFile; fileRef = 785AE8521BDFC21C00343572 /* PinyinFormatter.m */; settings = {ASSET_TAGS = (); }; };
		785AE8641BDFC21C00343572 /* PinYinForObjc.m in Sources */ = {isa = PBXBuildFile; fileRef = 785AE8541BDFC21C00343572 /* PinYinForObjc.m */; settings = {ASSET_TAGS = (); }; };
		785AE8651BDFC21C00343572 /* PinyinHelper.m in Sources */ = {isa = PBXBuildFile; fileRef = 785AE8561BDFC21C00343572 /* PinyinHelper.m */; settings = {ASSET_TAGS = (); }; };
		785AE8661BDFC21C00343572 /* unicode_to_hanyu_pinyin.txt in Resources */ = {isa = PBXBuildFile; fileRef = 785AE8571BDFC21C00343572 /* unicode_to_hanyu_pinyin.txt */; settings = {ASSET_TAGS = (); }; };
		785AE8671BDFC21C00343572 /* ZYPinYinSearch.m in Sources */ = {isa = PBXBuildFile; fileRef = 785AE8591BDFC21C00343572 /* ZYPinYinSearch.m */; settings = {ASSET_TAGS = (); }; };
		785AE86A1BDFC27100343572 /* ViewController.m in Sources */ = {isa = PBXBuildFile; fileRef = 785AE8691BDFC27100343572 /* ViewController.m */; settings = {ASSET_TAGS = (); }; };
/* End PBXBuildFile section */

/* Begin PBXFileReference section */
		785AE8241BDFC1CD00343572 /* ChinaCityList.app */ = {isa = PBXFileReference; explicitFileType = wrapper.application; includeInIndex = 0; path = ChinaCityList.app; sourceTree = BUILT_PRODUCTS_DIR; };
		785AE8281BDFC1CD00343572 /* main.m */ = {isa = PBXFileReference; lastKnownFileType = sourcecode.c.objc; path = main.m; sourceTree = "<group>"; };
		785AE82A1BDFC1CD00343572 /* AppDelegate.h */ = {isa = PBXFileReference; lastKnownFileType = sourcecode.c.h; path = AppDelegate.h; sourceTree = "<group>"; };
		785AE82B1BDFC1CD00343572 /* AppDelegate.m */ = {isa = PBXFileReference; lastKnownFileType = sourcecode.c.objc; path = AppDelegate.m; sourceTree = "<group>"; };
		785AE8311BDFC1CD00343572 /* Base */ = {isa = PBXFileReference; lastKnownFileType = file.storyboard; name = Base; path = Base.lproj/Main.storyboard; sourceTree = "<group>"; };
		785AE8331BDFC1CD00343572 /* Assets.xcassets */ = {isa = PBXFileReference; lastKnownFileType = folder.assetcatalog; path = Assets.xcassets; sourceTree = "<group>"; };
		785AE8361BDFC1CD00343572 /* Base */ = {isa = PBXFileReference; lastKnownFileType = file.storyboard; name = Base; path = Base.lproj/LaunchScreen.storyboard; sourceTree = "<group>"; };
		785AE8381BDFC1CD00343572 /* Info.plist */ = {isa = PBXFileReference; lastKnownFileType = text.plist.xml; path = Info.plist; sourceTree = "<group>"; };
		785AE83F1BDFC21C00343572 /* ButtonGroupView.h */ = {isa = PBXFileReference; fileEncoding = 4; lastKnownFileType = sourcecode.c.h; path = ButtonGroupView.h; sourceTree = "<group>"; };
		785AE8401BDFC21C00343572 /* ButtonGroupView.m */ = {isa = PBXFileReference; fileEncoding = 4; lastKnownFileType = sourcecode.c.objc; path = ButtonGroupView.m; sourceTree = "<group>"; };
		785AE8411BDFC21C00343572 /* CityButton.h */ = {isa = PBXFileReference; fileEncoding = 4; lastKnownFileType = sourcecode.c.h; path = CityButton.h; sourceTree = "<group>"; };
		785AE8421BDFC21C00343572 /* CityButton.m */ = {isa = PBXFileReference; fileEncoding = 4; lastKnownFileType = sourcecode.c.objc; path = CityButton.m; sourceTree = "<group>"; };
		785AE8431BDFC21C00343572 /* citydict.plist */ = {isa = PBXFileReference; fileEncoding = 4; lastKnownFileType = text.plist.xml; path = citydict.plist; sourceTree = "<group>"; };
		785AE8441BDFC21C00343572 /* CityItem.h */ = {isa = PBXFileReference; fileEncoding = 4; lastKnownFileType = sourcecode.c.h; path = CityItem.h; sourceTree = "<group>"; };
		785AE8451BDFC21C00343572 /* CityItem.m */ = {isa = PBXFileReference; fileEncoding = 4; lastKnownFileType = sourcecode.c.objc; path = CityItem.m; sourceTree = "<group>"; };
		785AE8461BDFC21C00343572 /* CityListViewController.h */ = {isa = PBXFileReference; fileEncoding = 4; lastKnownFileType = sourcecode.c.h; path = CityListViewController.h; sourceTree = "<group>"; };
		785AE8471BDFC21C00343572 /* CityListViewController.m */ = {isa = PBXFileReference; fileEncoding = 4; lastKnownFileType = sourcecode.c.objc; path = CityListViewController.m; sourceTree = "<group>"; };
		785AE8491BDFC21C00343572 /* ChineseInclude.h */ = {isa = PBXFileReference; fileEncoding = 4; lastKnownFileType = sourcecode.c.h; path = ChineseInclude.h; sourceTree = "<group>"; };
		785AE84A1BDFC21C00343572 /* ChineseInclude.m */ = {isa = PBXFileReference; fileEncoding = 4; lastKnownFileType = sourcecode.c.objc; path = ChineseInclude.m; sourceTree = "<group>"; };
		785AE84B1BDFC21C00343572 /* ChineseToPinyinResource.h */ = {isa = PBXFileReference; fileEncoding = 4; lastKnownFileType = sourcecode.c.h; path = ChineseToPinyinResource.h; sourceTree = "<group>"; };
		785AE84C1BDFC21C00343572 /* ChineseToPinyinResource.m */ = {isa = PBXFileReference; fileEncoding = 4; lastKnownFileType = sourcecode.c.objc; path = ChineseToPinyinResource.m; sourceTree = "<group>"; };
		785AE84D1BDFC21C00343572 /* HanyuPinyinOutputFormat.h */ = {isa = PBXFileReference; fileEncoding = 4; lastKnownFileType = sourcecode.c.h; path = HanyuPinyinOutputFormat.h; sourceTree = "<group>"; };
		785AE84E1BDFC21C00343572 /* HanyuPinyinOutputFormat.m */ = {isa = PBXFileReference; fileEncoding = 4; lastKnownFileType = sourcecode.c.objc; path = HanyuPinyinOutputFormat.m; sourceTree = "<group>"; };
		785AE84F1BDFC21C00343572 /* NSString+PinYin4Cocoa.h */ = {isa = PBXFileReference; fileEncoding = 4; lastKnownFileType = sourcecode.c.h; path = "NSString+PinYin4Cocoa.h"; sourceTree = "<group>"; };
		785AE8501BDFC21C00343572 /* NSString+PinYin4Cocoa.m */ = {isa = PBXFileReference; fileEncoding = 4; lastKnownFileType = sourcecode.c.objc; path = "NSString+PinYin4Cocoa.m"; sourceTree = "<group>"; };
		785AE8511BDFC21C00343572 /* PinyinFormatter.h */ = {isa = PBXFileReference; fileEncoding = 4; lastKnownFileType = sourcecode.c.h; path = PinyinFormatter.h; sourceTree = "<group>"; };
		785AE8521BDFC21C00343572 /* PinyinFormatter.m */ = {isa = PBXFileReference; fileEncoding = 4; lastKnownFileType = sourcecode.c.objc; path = PinyinFormatter.m; sourceTree = "<group>"; };
		785AE8531BDFC21C00343572 /* PinYinForObjc.h */ = {isa = PBXFileReference; fileEncoding = 4; lastKnownFileType = sourcecode.c.h; path = PinYinForObjc.h; sourceTree = "<group>"; };
		785AE8541BDFC21C00343572 /* PinYinForObjc.m */ = {isa = PBXFileReference; fileEncoding = 4; lastKnownFileType = sourcecode.c.objc; path = PinYinForObjc.m; sourceTree = "<group>"; };
		785AE8551BDFC21C00343572 /* PinyinHelper.h */ = {isa = PBXFileReference; fileEncoding = 4; lastKnownFileType = sourcecode.c.h; path = PinyinHelper.h; sourceTree = "<group>"; };
		785AE8561BDFC21C00343572 /* PinyinHelper.m */ = {isa = PBXFileReference; fileEncoding = 4; lastKnownFileType = sourcecode.c.objc; path = PinyinHelper.m; sourceTree = "<group>"; };
		785AE8571BDFC21C00343572 /* unicode_to_hanyu_pinyin.txt */ = {isa = PBXFileReference; fileEncoding = 4; lastKnownFileType = text; path = unicode_to_hanyu_pinyin.txt; sourceTree = "<group>"; };
		785AE8581BDFC21C00343572 /* ZYPinYinSearch.h */ = {isa = PBXFileReference; fileEncoding = 4; lastKnownFileType = sourcecode.c.h; path = ZYPinYinSearch.h; sourceTree = "<group>"; };
		785AE8591BDFC21C00343572 /* ZYPinYinSearch.m */ = {isa = PBXFileReference; fileEncoding = 4; lastKnownFileType = sourcecode.c.objc; path = ZYPinYinSearch.m; sourceTree = "<group>"; };
		785AE8681BDFC27100343572 /* ViewController.h */ = {isa = PBXFileReference; fileEncoding = 4; lastKnownFileType = sourcecode.c.h; path = ViewController.h; sourceTree = "<group>"; };
		785AE8691BDFC27100343572 /* ViewController.m */ = {isa = PBXFileReference; fileEncoding = 4; lastKnownFileType = sourcecode.c.objc; path = ViewController.m; sourceTree = "<group>"; };
/* End PBXFileReference section */

/* Begin PBXFrameworksBuildPhase section */
		785AE8211BDFC1CD00343572 /* Frameworks */ = {
			isa = PBXFrameworksBuildPhase;
			buildActionMask = 2147483647;
			files = (
			);
			runOnlyForDeploymentPostprocessing = 0;
		};
/* End PBXFrameworksBuildPhase section */

/* Begin PBXGroup section */
		785AE81B1BDFC1CD00343572 = {
			isa = PBXGroup;
			children = (
				785AE8261BDFC1CD00343572 /* ChinaCityList */,
				785AE8251BDFC1CD00343572 /* Products */,
			);
			sourceTree = "<group>";
		};
		785AE8251BDFC1CD00343572 /* Products */ = {
			isa = PBXGroup;
			children = (
				785AE8241BDFC1CD00343572 /* ChinaCityList.app */,
			);
			name = Products;
			sourceTree = "<group>";
		};
		785AE8261BDFC1CD00343572 /* ChinaCityList */ = {
			isa = PBXGroup;
			children = (
				785AE83E1BDFC21C00343572 /* ChinaCityList */,
				785AE82A1BDFC1CD00343572 /* AppDelegate.h */,
				785AE82B1BDFC1CD00343572 /* AppDelegate.m */,
				785AE8681BDFC27100343572 /* ViewController.h */,
				785AE8691BDFC27100343572 /* ViewController.m */,
				785AE8301BDFC1CD00343572 /* Main.storyboard */,
				785AE8331BDFC1CD00343572 /* Assets.xcassets */,
				785AE8351BDFC1CD00343572 /* LaunchScreen.storyboard */,
				785AE8381BDFC1CD00343572 /* Info.plist */,
				785AE8271BDFC1CD00343572 /* Supporting Files */,
			);
			path = ChinaCityList;
			sourceTree = "<group>";
		};
		785AE8271BDFC1CD00343572 /* Supporting Files */ = {
			isa = PBXGroup;
			children = (
				785AE8281BDFC1CD00343572 /* main.m */,
			);
			name = "Supporting Files";
			sourceTree = "<group>";
		};
		785AE83E1BDFC21C00343572 /* ChinaCityList */ = {
			isa = PBXGroup;
			children = (
				785AE83F1BDFC21C00343572 /* ButtonGroupView.h */,
				785AE8401BDFC21C00343572 /* ButtonGroupView.m */,
				785AE8411BDFC21C00343572 /* CityButton.h */,
				785AE8421BDFC21C00343572 /* CityButton.m */,
				785AE8431BDFC21C00343572 /* citydict.plist */,
				785AE8441BDFC21C00343572 /* CityItem.h */,
				785AE8451BDFC21C00343572 /* CityItem.m */,
				785AE8461BDFC21C00343572 /* CityListViewController.h */,
				785AE8471BDFC21C00343572 /* CityListViewController.m */,
				785AE8481BDFC21C00343572 /* ZYPinYinSearchLib */,
			);
			path = ChinaCityList;
			sourceTree = "<group>";
		};
		785AE8481BDFC21C00343572 /* ZYPinYinSearchLib */ = {
			isa = PBXGroup;
			children = (
				785AE8491BDFC21C00343572 /* ChineseInclude.h */,
				785AE84A1BDFC21C00343572 /* ChineseInclude.m */,
				785AE84B1BDFC21C00343572 /* ChineseToPinyinResource.h */,
				785AE84C1BDFC21C00343572 /* ChineseToPinyinResource.m */,
				785AE84D1BDFC21C00343572 /* HanyuPinyinOutputFormat.h */,
				785AE84E1BDFC21C00343572 /* HanyuPinyinOutputFormat.m */,
				785AE84F1BDFC21C00343572 /* NSString+PinYin4Cocoa.h */,
				785AE8501BDFC21C00343572 /* NSString+PinYin4Cocoa.m */,
				785AE8511BDFC21C00343572 /* PinyinFormatter.h */,
				785AE8521BDFC21C00343572 /* PinyinFormatter.m */,
				785AE8531BDFC21C00343572 /* PinYinForObjc.h */,
				785AE8541BDFC21C00343572 /* PinYinForObjc.m */,
				785AE8551BDFC21C00343572 /* PinyinHelper.h */,
				785AE8561BDFC21C00343572 /* PinyinHelper.m */,
				785AE8571BDFC21C00343572 /* unicode_to_hanyu_pinyin.txt */,
				785AE8581BDFC21C00343572 /* ZYPinYinSearch.h */,
				785AE8591BDFC21C00343572 /* ZYPinYinSearch.m */,
			);
			path = ZYPinYinSearchLib;
			sourceTree = "<group>";
		};
/* End PBXGroup section */

/* Begin PBXNativeTarget section */
		785AE8231BDFC1CD00343572 /* ChinaCityList */ = {
			isa = PBXNativeTarget;
			buildConfigurationList = 785AE83B1BDFC1CD00343572 /* Build configuration list for PBXNativeTarget "ChinaCityList" */;
			buildPhases = (
				785AE8201BDFC1CD00343572 /* Sources */,
				785AE8211BDFC1CD00343572 /* Frameworks */,
				785AE8221BDFC1CD00343572 /* Resources */,
			);
			buildRules = (
			);
			dependencies = (
			);
			name = ChinaCityList;
			productName = ChinaCityList;
			productReference = 785AE8241BDFC1CD00343572 /* ChinaCityList.app */;
			productType = "com.apple.product-type.application";
		};
/* End PBXNativeTarget section */

/* Begin PBXProject section */
		785AE81C1BDFC1CD00343572 /* Project object */ = {
			isa = PBXProject;
			attributes = {
				LastUpgradeCheck = 0700;
				ORGANIZATIONNAME = zhengjq;
				TargetAttributes = {
					785AE8231BDFC1CD00343572 = {
						CreatedOnToolsVersion = 7.0.1;
					};
				};
			};
			buildConfigurationList = 785AE81F1BDFC1CD00343572 /* Build configuration list for PBXProject "ChinaCityList" */;
			compatibilityVersion = "Xcode 3.2";
			developmentRegion = English;
			hasScannedForEncodings = 0;
			knownRegions = (
				en,
				Base,
			);
			mainGroup = 785AE81B1BDFC1CD00343572;
			productRefGroup = 785AE8251BDFC1CD00343572 /* Products */;
			projectDirPath = "";
			projectRoot = "";
			targets = (
				785AE8231BDFC1CD00343572 /* ChinaCityList */,
			);
		};
/* End PBXProject section */

/* Begin PBXResourcesBuildPhase section */
		785AE8221BDFC1CD00343572 /* Resources */ = {
			isa = PBXResourcesBuildPhase;
			buildActionMask = 2147483647;
			files = (
				785AE8371BDFC1CD00343572 /* LaunchScreen.storyboard in Resources */,
				785AE85C1BDFC21C00343572 /* citydict.plist in Resources */,
				785AE8341BDFC1CD00343572 /* Assets.xcassets in Resources */,
				785AE8321BDFC1CD00343572 /* Main.storyboard in Resources */,
				785AE8661BDFC21C00343572 /* unicode_to_hanyu_pinyin.txt in Resources */,
			);
			runOnlyForDeploymentPostprocessing = 0;
		};
/* End PBXResourcesBuildPhase section */

/* Begin PBXSourcesBuildPhase section */
		785AE8201BDFC1CD00343572 /* Sources */ = {
			isa = PBXSourcesBuildPhase;
			buildActionMask = 2147483647;
			files = (
				785AE8641BDFC21C00343572 /* PinYinForObjc.m in Sources */,
				785AE85E1BDFC21C00343572 /* CityListViewController.m in Sources */,
				785AE85A1BDFC21C00343572 /* ButtonGroupView.m in Sources */,
				785AE8601BDFC21C00343572 /* ChineseToPinyinResource.m in Sources */,
				785AE82C1BDFC1CD00343572 /* AppDelegate.m in Sources */,
				785AE8621BDFC21C00343572 /* NSString+PinYin4Cocoa.m in Sources */,
				785AE85B1BDFC21C00343572 /* CityButton.m in Sources */,
				785AE8631BDFC21C00343572 /* PinyinFormatter.m in Sources */,
				785AE8671BDFC21C00343572 /* ZYPinYinSearch.m in Sources */,
				785AE86A1BDFC27100343572 /* ViewController.m in Sources */,
				785AE8611BDFC21C00343572 /* HanyuPinyinOutputFormat.m in Sources */,
				785AE8651BDFC21C00343572 /* PinyinHelper.m in Sources */,
				785AE8291BDFC1CD00343572 /* main.m in Sources */,
				785AE85F1BDFC21C00343572 /* ChineseInclude.m in Sources */,
				785AE85D1BDFC21C00343572 /* CityItem.m in Sources */,
			);
			runOnlyForDeploymentPostprocessing = 0;
		};
/* End PBXSourcesBuildPhase section */

/* Begin PBXVariantGroup section */
		785AE8301BDFC1CD00343572 /* Main.storyboard */ = {
			isa = PBXVariantGroup;
			children = (
				785AE8311BDFC1CD00343572 /* Base */,
			);
			name = Main.storyboard;
			sourceTree = "<group>";
		};
		785AE8351BDFC1CD00343572 /* LaunchScreen.storyboard */ = {
			isa = PBXVariantGroup;
			children = (
				785AE8361BDFC1CD00343572 /* Base */,
			);
			name = LaunchScreen.storyboard;
			sourceTree = "<group>";
		};
/* End PBXVariantGroup section */

/* Begin XCBuildConfiguration section */
		785AE8391BDFC1CD00343572 /* Debug */ = {
			isa = XCBuildConfiguration;
			buildSettings = {
				ALWAYS_SEARCH_USER_PATHS = NO;
				CLANG_CXX_LANGUAGE_STANDARD = "gnu++0x";
				CLANG_CXX_LIBRARY = "libc++";
				CLANG_ENABLE_MODULES = YES;
				CLANG_ENABLE_OBJC_ARC = YES;
				CLANG_WARN_BOOL_CONVERSION = YES;
				CLANG_WARN_CONSTANT_CONVERSION = YES;
				CLANG_WARN_DIRECT_OBJC_ISA_USAGE = YES_ERROR;
				CLANG_WARN_EMPTY_BODY = YES;
				CLANG_WARN_ENUM_CONVERSION = YES;
				CLANG_WARN_INT_CONVERSION = YES;
				CLANG_WARN_OBJC_ROOT_CLASS = YES_ERROR;
				CLANG_WARN_UNREACHABLE_CODE = YES;
				CLANG_WARN__DUPLICATE_METHOD_MATCH = YES;
				"CODE_SIGN_IDENTITY[sdk=iphoneos*]" = "iPhone Developer";
				COPY_PHASE_STRIP = NO;
				DEBUG_INFORMATION_FORMAT = dwarf;
				ENABLE_STRICT_OBJC_MSGSEND = YES;
				ENABLE_TESTABILITY = YES;
				GCC_C_LANGUAGE_STANDARD = gnu99;
				GCC_DYNAMIC_NO_PIC = NO;
				GCC_NO_COMMON_BLOCKS = YES;
				GCC_OPTIMIZATION_LEVEL = 0;
				GCC_PREPROCESSOR_DEFINITIONS = (
					"DEBUG=1",
					"$(inherited)",
				);
				GCC_WARN_64_TO_32_BIT_CONVERSION = YES;
				GCC_WARN_ABOUT_RETURN_TYPE = YES_ERROR;
				GCC_WARN_UNDECLARED_SELECTOR = YES;
				GCC_WARN_UNINITIALIZED_AUTOS = YES_AGGRESSIVE;
				GCC_WARN_UNUSED_FUNCTION = YES;
				GCC_WARN_UNUSED_VARIABLE = YES;
				IPHONEOS_DEPLOYMENT_TARGET = 9.0;
				MTL_ENABLE_DEBUG_INFO = YES;
				ONLY_ACTIVE_ARCH = YES;
				SDKROOT = iphoneos;
			};
			name = Debug;
		};
		785AE83A1BDFC1CD00343572 /* Release */ = {
			isa = XCBuildConfiguration;
			buildSettings = {
				ALWAYS_SEARCH_USER_PATHS = NO;
				CLANG_CXX_LANGUAGE_STANDARD = "gnu++0x";
				CLANG_CXX_LIBRARY = "libc++";
				CLANG_ENABLE_MODULES = YES;
				CLANG_ENABLE_OBJC_ARC = YES;
				CLANG_WARN_BOOL_CONVERSION = YES;
				CLANG_WARN_CONSTANT_CONVERSION = YES;
				CLANG_WARN_DIRECT_OBJC_ISA_USAGE = YES_ERROR;
				CLANG_WARN_EMPTY_BODY = YES;
				CLANG_WARN_ENUM_CONVERSION = YES;
				CLANG_WARN_INT_CONVERSION = YES;
				CLANG_WARN_OBJC_ROOT_CLASS = YES_ERROR;
				CLANG_WARN_UNREACHABLE_CODE = YES;
				CLANG_WARN__DUPLICATE_METHOD_MATCH = YES;
				"CODE_SIGN_IDENTITY[sdk=iphoneos*]" = "iPhone Developer";
				COPY_PHASE_STRIP = NO;
				DEBUG_INFORMATION_FORMAT = "dwarf-with-dsym";
				ENABLE_NS_ASSERTIONS = NO;
				ENABLE_STRICT_OBJC_MSGSEND = YES;
				GCC_C_LANGUAGE_STANDARD = gnu99;
				GCC_NO_COMMON_BLOCKS = YES;
				GCC_WARN_64_TO_32_BIT_CONVERSION = YES;
				GCC_WARN_ABOUT_RETURN_TYPE = YES_ERROR;
				GCC_WARN_UNDECLARED_SELECTOR = YES;
				GCC_WARN_UNINITIALIZED_AUTOS = YES_AGGRESSIVE;
				GCC_WARN_UNUSED_FUNCTION = YES;
				GCC_WARN_UNUSED_VARIABLE = YES;
				IPHONEOS_DEPLOYMENT_TARGET = 9.0;
				MTL_ENABLE_DEBUG_INFO = NO;
				SDKROOT = iphoneos;
				VALIDATE_PRODUCT = YES;
			};
			name = Release;
		};
		785AE83C1BDFC1CD00343572 /* Debug */ = {
			isa = XCBuildConfiguration;
			buildSettings = {
				ASSETCATALOG_COMPILER_APPICON_NAME = AppIcon;
				INFOPLIST_FILE = ChinaCityList/Info.plist;
				LD_RUNPATH_SEARCH_PATHS = "$(inherited) @executable_path/Frameworks";
				PRODUCT_BUNDLE_IDENTIFIER = com.zhengjq.ChinaCityList;
				PRODUCT_NAME = "$(TARGET_NAME)";
			};
			name = Debug;
		};
		785AE83D1BDFC1CD00343572 /* Release */ = {
			isa = XCBuildConfiguration;
			buildSettings = {
				ASSETCATALOG_COMPILER_APPICON_NAME = AppIcon;
				INFOPLIST_FILE = ChinaCityList/Info.plist;
				LD_RUNPATH_SEARCH_PATHS = "$(inherited) @executable_path/Frameworks";
				PRODUCT_BUNDLE_IDENTIFIER = com.zhengjq.ChinaCityList;
				PRODUCT_NAME = "$(TARGET_NAME)";
			};
			name = Release;
		};
/* End XCBuildConfiguration section */

/* Begin XCConfigurationList section */
		785AE81F1BDFC1CD00343572 /* Build configuration list for PBXProject "ChinaCityList" */ = {
			isa = XCConfigurationList;
			buildConfigurations = (
				785AE8391BDFC1CD00343572 /* Debug */,
				785AE83A1BDFC1CD00343572 /* Release */,
			);
			defaultConfigurationIsVisible = 0;
			defaultConfigurationName = Release;
		};
		785AE83B1BDFC1CD00343572 /* Build configuration list for PBXNativeTarget "ChinaCityList" */ = {
			isa = XCConfigurationList;
			buildConfigurations = (
				785AE83C1BDFC1CD00343572 /* Debug */,
				785AE83D1BDFC1CD00343572 /* Release */,
			);
			defaultConfigurationIsVisible = 0;
		};
/* End XCConfigurationList section */
	};
	rootObject = 785AE81C1BDFC1CD00343572 /* Project object */;
}
